
Microsoft Visual Studio Solution File, Format Version 12.00
# Visual Studio 15
VisualStudioVersion = 15.0.27428.2005
MinimumVisualStudioVersion = 10.0.40219.1
Project("{8BC9CEB8-8B4A-11D0-8D11-00A0C91BC942}") = "OOP lab1.2", "OOP lab1.2\OOP lab1.2.vcxproj", "{E111B97E-1800-486F-81B0-E1E720A26729}"
EndProject
Global
	GlobalSection(SolutionConfigurationPlatforms) = preSolution
		Debug|x64 = Debug|x64
		Debug|x86 = Debug|x86
		Release|x64 = Release|x64
		Release|x86 = Release|x86
	EndGlobalSection
	GlobalSection(ProjectConfigurationPlatforms) = postSolution
		{E111B97E-1800-486F-81B0-E1E720A26729}.Debug|x64.ActiveCfg = Debug|x64
		{E111B97E-1800-486F-81B0-E1E720A26729}.Debug|x64.Build.0 = Debug|x64
		{E111B97E-1800-486F-81B0-E1E720A26729}.Debug|x86.ActiveCfg = Debug|Win32
		{E111B97E-1800-486F-81B0-E1E720A26729}.Debug|x86.Build.0 = Debug|Win32
		{E111B97E-1800-486F-81B0-E1E720A26729}.Release|x64.ActiveCfg = Release|x64
		{E111B97E-1800-486F-81B0-E1E720A26729}.Release|x64.Build.0 = Release|x64
		{E111B97E-1800-486F-81B0-E1E720A26729}.Release|x86.ActiveCfg = Release|Win32
		{E111B97E-1800-486F-81B0-E1E720A26729}.Release|x86.Build.0 = Release|Win32
	EndGlobalSection
	GlobalSection(SolutionProperties) = preSolution
		HideSolutionNode = FALSE
	EndGlobalSection
	GlobalSection(ExtensibilityGlobals) = postSolution
		SolutionGuid = {18DB2ABF-1534-49C0-84BC-679ACA501938}
	EndGlobalSection
EndGlobal
